{
  "nodes": {
    "home-manager": {
      "inputs": {
        "nixpkgs": [
          "nixpkgs"
        ]
      },
      "locked": {
        "lastModified": 1753055804,
        "narHash": "sha256-KerePGJYX47ex6OY3CWsid4AltO2gDtQROunYJ0eCEE=",
        "owner": "nix-community",
        "repo": "home-manager",
        "rev": "adf195f021a8cbb0c317f75b52e96c82616526f9",
        "type": "github"
      },
      "original": {
        "owner": "nix-community",
        "ref": "release-25.05",
        "repo": "home-manager",
        "type": "github"
      }
    },
    "nixpkgs": {
      "locked": {
        "lastModified": 1753186629,
        "narHash": "sha256-PufTl9A1cXhx1NQ2QvewxVVaz19YT9iX3mUAe6moewA=",
        "owner": "NixOs",
        "repo": "nixpkgs",
        "rev": "148958abe5867da10a466e61638b3dc1ef5a39f6",
        "type": "github"
      },
      "original": {
        "owner": "NixOs",
        "ref": "release-25.05",
        "repo": "nixpkgs",
        "type": "github"
      }
    },
    "nixpkgs-unstable": {
      "locked": {
        "lastModified": 1753091883,
        "narHash": "sha256-oVZt8VRJkO2Gytc7D2Pfqqy7wTnSECzdKPnoL9z8iFA=",
        "owner": "NixOs",
        "repo": "nixpkgs",
        "rev": "2baf8e1658cba84a032c3a8befb1e7b06629242a",
        "type": "github"
      },
      "original": {
        "owner": "NixOs",
        "ref": "nixpkgs-unstable",
        "repo": "nixpkgs",
        "type": "github"
      }
    },
    "root": {
      "inputs": {
        "home-manager": "home-manager",
        "nixpkgs": "nixpkgs",
        "nixpkgs-unstable": "nixpkgs-unstable"
      }
    }
  },
  "root": "root",
  "version": 7
}
